<?xml version="1.0" encoding="UTF-8" standalone="yes" ?>
<CodeBlocks_project_file>
	<FileVersion major="1" minor="6" />
	<Project>
		<Option title="Consor" />
		<Option pch_mode="2" />
		<Option compiler="gcc" />
		<Build>
			<Target title="Debug">
				<Option output="bin/Debug/Consor" prefix_auto="1" extension_auto="1" />
				<Option object_output="obj/Debug/" />
				<Option type="1" />
				<Option compiler="gcc" />
				<Compiler>
					<Add option="-g" />
				</Compiler>
				<Linker>
					<Add library="boost_locale" />
				</Linker>
			</Target>
			<Target title="Release">
				<Option output="bin/Release/Consor" prefix_auto="1" extension_auto="1" />
				<Option object_output="obj/Release/" />
				<Option type="1" />
				<Option compiler="gcc" />
				<Compiler>
					<Add option="-O2" />
				</Compiler>
				<Linker>
					<Add option="-s" />
					<Add library="boost_locale" />
				</Linker>
			</Target>
		</Build>
		<Compiler>
			<Add option="-Wall" />
		</Compiler>
		<Unit filename="Consor/ANSIConsoleRenderer.cpp" />
		<Unit filename="Consor/ANSIConsoleRenderer.hpp" />
		<Unit filename="Consor/ConsoleRenderer.cpp" />
		<Unit filename="Consor/ConsoleRenderer.hpp" />
		<Unit filename="Consor/Containers/AlignContainer.cpp" />
		<Unit filename="Consor/Containers/AlignContainer.hpp" />
		<Unit filename="Consor/Containers/BorderContainer.cpp" />
		<Unit filename="Consor/Containers/BorderContainer.hpp" />
		<Unit filename="Consor/Containers/FlowContainer.cpp" />
		<Unit filename="Consor/Containers/FlowContainer.hpp" />
		<Unit filename="Consor/Containers/ScrollContainer.cpp" />
		<Unit filename="Consor/Containers/ScrollContainer.hpp" />
		<Unit filename="Consor/Containers/WindowContainer.cpp" />
		<Unit filename="Consor/Containers/WindowContainer.hpp" />
		<Unit filename="Consor/Control.cpp" />
		<Unit filename="Consor/Control.hpp" />
		<Unit filename="Consor/Controls/Button.cpp" />
		<Unit filename="Consor/Controls/Button.hpp" />
		<Unit filename="Consor/Controls/CheckBox.cpp" />
		<Unit filename="Consor/Controls/CheckBox.hpp" />
		<Unit filename="Consor/Controls/Graph.cpp" />
		<Unit filename="Consor/Controls/Graph.hpp" />
		<Unit filename="Consor/Controls/HorizontalScrollbar.cpp" />
		<Unit filename="Consor/Controls/HorizontalScrollbar.hpp" />
		<Unit filename="Consor/Controls/Label.cpp" />
		<Unit filename="Consor/Controls/Label.hpp" />
		<Unit filename="Consor/Controls/PasswordBox.cpp" />
		<Unit filename="Consor/Controls/PasswordBox.hpp" />
		<Unit filename="Consor/Controls/ProgressBar.cpp" />
		<Unit filename="Consor/Controls/ProgressBar.hpp" />
		<Unit filename="Consor/Controls/RadioBox.cpp" />
		<Unit filename="Consor/Controls/RadioBox.hpp" />
		<Unit filename="Consor/Controls/TextBox.cpp" />
		<Unit filename="Consor/Controls/TextBox.hpp" />
		<Unit filename="Consor/Controls/VerticalProgressBar.cpp" />
		<Unit filename="Consor/Controls/VerticalProgressBar.hpp" />
		<Unit filename="Consor/Controls/VerticalScrollbar.cpp" />
		<Unit filename="Consor/Controls/VerticalScrollbar.hpp" />
		<Unit filename="Consor/InputSystem.hpp" />
		<Unit filename="Consor/LinuxInputSystem.cpp" />
		<Unit filename="Consor/Skin.hpp" />
		<Unit filename="Consor/Units.cpp" />
		<Unit filename="Consor/Units.hpp" />
		<Unit filename="Consor/Util/Debug.cpp" />
		<Unit filename="Consor/Util/Debug.hpp" />
		<Unit filename="Consor/Util/FrequencyController.cpp" />
		<Unit filename="Consor/Util/FrequencyController.hpp" />
		<Unit filename="Consor/Util/Hooks.hpp" />
		<Unit filename="Consor/Util/Math.cpp" />
		<Unit filename="Consor/Util/Math.hpp" />
		<Unit filename="Consor/Util/Prompts.cpp" />
		<Unit filename="Consor/Util/Prompts.hpp" />
		<Unit filename="Consor/Util/StringUtils.cpp" />
		<Unit filename="Consor/Util/StringUtils.hpp" />
		<Unit filename="Consor/Util/Time.cpp" />
		<Unit filename="Consor/Util/Time.hpp" />
		<Unit filename="Consor/WindowSystem.cpp" />
		<Unit filename="Consor/WindowSystem.hpp" />
		<Unit filename="Consor/WindowsConsoleRenderer.hpp" />
		<Unit filename="Consor/main.cpp" />
		<Extensions>
			<code_completion />
			<envvars />
			<debugger />
			<lib_finder disable_auto="1" />
		</Extensions>
	</Project>
</CodeBlocks_project_file>
