<?xml version="1.0" encoding="utf-8"?>
<Project ToolsVersion="4.0" xmlns="http://schemas.microsoft.com/developer/msbuild/2003">
  <ItemGroup>
    <Filter Include="Source Files">
      <UniqueIdentifier>{4FC737F1-C7A5-4376-A066-2A32D752A2FF}</UniqueIdentifier>
      <Extensions>cpp;c;cc;cxx;def;odl;idl;hpj;bat;asm;asmx</Extensions>
    </Filter>
    <Filter Include="Header Files">
      <UniqueIdentifier>{93995380-89BD-4b04-88EB-625FBE52EBFB}</UniqueIdentifier>
      <Extensions>h;hpp;hxx;hm;inl;inc;xsd</Extensions>
    </Filter>
    <Filter Include="Resource Files">
      <UniqueIdentifier>{67DA6AB6-F800-4c08-8B7A-83BB121AAD01}</UniqueIdentifier>
      <Extensions>rc;ico;cur;bmp;dlg;rc2;rct;bin;rgs;gif;jpg;jpeg;jpe;resx;tiff;tif;png;wav;mfcribbon-ms</Extensions>
    </Filter>
    <Filter Include="Source Files\Util">
      <UniqueIdentifier>{29d8f3e3-541f-4ad3-925f-a49a5a787658}</UniqueIdentifier>
    </Filter>
    <Filter Include="Source Files\Controls">
      <UniqueIdentifier>{3eb35564-e615-4f6d-b36d-1d054cb2ecc3}</UniqueIdentifier>
    </Filter>
    <Filter Include="Source Files\Containers">
      <UniqueIdentifier>{020c8f9e-2eb6-4402-9fb4-300474162433}</UniqueIdentifier>
    </Filter>
  </ItemGroup>
  <ItemGroup>
    <ClCompile Include="main.cpp">
      <Filter>Source Files</Filter>
    </ClCompile>
    <ClCompile Include="Util\FrequencyController.cpp">
      <Filter>Source Files\Util</Filter>
    </ClCompile>
    <ClCompile Include="Util\Time.cpp">
      <Filter>Source Files\Util</Filter>
    </ClCompile>
    <ClCompile Include="Util\StringUtils.cpp">
      <Filter>Source Files\Util</Filter>
    </ClCompile>
    <ClCompile Include="WindowsConsoleRenderer.cpp">
      <Filter>Source Files</Filter>
    </ClCompile>
    <ClCompile Include="Units.cpp">
      <Filter>Source Files</Filter>
    </ClCompile>
    <ClCompile Include="Control.cpp">
      <Filter>Source Files</Filter>
    </ClCompile>
    <ClCompile Include="ConsoleRenderer.cpp">
      <Filter>Source Files</Filter>
    </ClCompile>
    <ClCompile Include="Controls\Lable.cpp">
      <Filter>Source Files\Controls</Filter>
    </ClCompile>
    <ClCompile Include="Containers\BorderContainer.cpp">
      <Filter>Source Files\Containers</Filter>
    </ClCompile>
    <ClCompile Include="Containers\WindowContainer.cpp">
      <Filter>Source Files\Containers</Filter>
    </ClCompile>
    <ClCompile Include="Containers\FlowContainer.cpp">
      <Filter>Source Files\Containers</Filter>
    </ClCompile>
    <ClCompile Include="Containers\AlignContainer.cpp">
      <Filter>Source Files\Containers</Filter>
    </ClCompile>
    <ClCompile Include="Controls\HorizontalScrollbar.cpp">
      <Filter>Source Files\Controls</Filter>
    </ClCompile>
    <ClCompile Include="Controls\VerticalScrollbar.cpp">
      <Filter>Source Files\Controls</Filter>
    </ClCompile>
    <ClCompile Include="WindowsInputSystem.cpp">
      <Filter>Source Files</Filter>
    </ClCompile>
    <ClCompile Include="Controls\Button.cpp">
      <Filter>Source Files\Controls</Filter>
    </ClCompile>
    <ClCompile Include="Containers\ScrollContainer.cpp">
      <Filter>Source Files\Containers</Filter>
    </ClCompile>
  </ItemGroup>
  <ItemGroup>
    <ClInclude Include="Util\FrequencyController.hpp">
      <Filter>Source Files\Util</Filter>
    </ClInclude>
    <ClInclude Include="Util\Hooks.hpp">
      <Filter>Source Files\Util</Filter>
    </ClInclude>
    <ClInclude Include="Util\Time.hpp">
      <Filter>Source Files\Util</Filter>
    </ClInclude>
    <ClInclude Include="Util\StringUtils.hpp">
      <Filter>Source Files\Util</Filter>
    </ClInclude>
    <ClInclude Include="WindowsConsoleRenderer.hpp">
      <Filter>Source Files</Filter>
    </ClInclude>
    <ClInclude Include="ConsoleRenderer.hpp">
      <Filter>Source Files</Filter>
    </ClInclude>
    <ClInclude Include="Units.hpp">
      <Filter>Source Files</Filter>
    </ClInclude>
    <ClInclude Include="Control.hpp">
      <Filter>Source Files</Filter>
    </ClInclude>
    <ClInclude Include="Controls\Lable.hpp">
      <Filter>Source Files\Controls</Filter>
    </ClInclude>
    <ClInclude Include="Skin.hpp">
      <Filter>Source Files</Filter>
    </ClInclude>
    <ClInclude Include="Containers\BorderContainer.hpp">
      <Filter>Source Files\Containers</Filter>
    </ClInclude>
    <ClInclude Include="Containers\WindowContainer.hpp">
      <Filter>Source Files\Containers</Filter>
    </ClInclude>
    <ClInclude Include="Containers\FlowContainer.hpp">
      <Filter>Source Files\Containers</Filter>
    </ClInclude>
    <ClInclude Include="Containers\AlignContainer.hpp">
      <Filter>Source Files\Containers</Filter>
    </ClInclude>
    <ClInclude Include="Controls\HorizontalScrollbar.hpp">
      <Filter>Source Files\Controls</Filter>
    </ClInclude>
    <ClInclude Include="Controls\VerticalScrollbar.hpp">
      <Filter>Source Files\Controls</Filter>
    </ClInclude>
    <ClInclude Include="InputSystem.hpp">
      <Filter>Source Files</Filter>
    </ClInclude>
    <ClInclude Include="WindowsInputSystem.hpp">
      <Filter>Source Files</Filter>
    </ClInclude>
    <ClInclude Include="Controls\Button.hpp">
      <Filter>Source Files\Controls</Filter>
    </ClInclude>
    <ClInclude Include="Containers\ScrollContainer.hpp">
      <Filter>Source Files\Containers</Filter>
    </ClInclude>
  </ItemGroup>
</Project>